// !$*UTF8*$!
{
	archiveVersion = 1;
	classes = {
	};
	objectVersion = 48;
	objects = {

/* Begin PBXBuildFile section */
		0543CAF4C1A27767297E9250 /* libPods-GameBox.a in Frameworks */ = {isa = PBXBuildFile; fileRef = C1C09ECF85CDCEAA38284810 /* libPods-GameBox.a */; };
		B5781AE020A3F4DE00CB1464 /* FFHomeSelectView.m in Sources */ = {isa = PBXBuildFile; fileRef = B5781ADE20A3F4DD00CB1464 /* FFHomeSelectView.m */; };
		B5781AE320A42CED00CB1464 /* FFUserModel.m in Sources */ = {isa = PBXBuildFile; fileRef = B5781AE220A42CED00CB1464 /* FFUserModel.m */; };
		B5781AE520A440C900CB1464 /* Podfile in Resources */ = {isa = PBXBuildFile; fileRef = B5781AE420A440C800CB1464 /* Podfile */; };
		B5781AEB20A44B5100CB1464 /* FFBTServerViewController.m in Sources */ = {isa = PBXBuildFile; fileRef = B5781AEA20A44B5100CB1464 /* FFBTServerViewController.m */; };
		B5781AEE20A44D8D00CB1464 /* FFBTServerHeaderView.m in Sources */ = {isa = PBXBuildFile; fileRef = B5781AED20A44D8D00CB1464 /* FFBTServerHeaderView.m */; };
		B5781AF220A535B900CB1464 /* FFServersModel.m in Sources */ = {isa = PBXBuildFile; fileRef = B5781AF120A535B900CB1464 /* FFServersModel.m */; };
		B5781AF720A573F200CB1464 /* FFZKServerViewController.m in Sources */ = {isa = PBXBuildFile; fileRef = B5781AF620A573F200CB1464 /* FFZKServerViewController.m */; };
		B5781AFA20A57B1C00CB1464 /* FFBasicBannerView.m in Sources */ = {isa = PBXBuildFile; fileRef = B5781AF920A57B1C00CB1464 /* FFBasicBannerView.m */; };
		B5781AFE20A57D3600CB1464 /* FFImageManager.m in Sources */ = {isa = PBXBuildFile; fileRef = B5781AFD20A57D3600CB1464 /* FFImageManager.m */; };
		B5781B0020A5903700CB1464 /* ImageAssets.xcassets in Resources */ = {isa = PBXBuildFile; fileRef = B5781AFF20A5903700CB1464 /* ImageAssets.xcassets */; };
		B58CB7AC207B10830099773D /* FFBasicModel.m in Sources */ = {isa = PBXBuildFile; fileRef = B58CB797207B10830099773D /* FFBasicModel.m */; };
		B58CB7AD207B10830099773D /* FFDeviceInfo.m in Sources */ = {isa = PBXBuildFile; fileRef = B58CB799207B10830099773D /* FFDeviceInfo.m */; };
		B58CB7AE207B10830099773D /* FFNetWorkManager.m in Sources */ = {isa = PBXBuildFile; fileRef = B58CB79B207B10830099773D /* FFNetWorkManager.m */; };
		B58CB7AF207B10830099773D /* FFAppDelegate.m in Sources */ = {isa = PBXBuildFile; fileRef = B58CB79E207B10830099773D /* FFAppDelegate.m */; };
		B58CB7B1207B10830099773D /* main.m in Sources */ = {isa = PBXBuildFile; fileRef = B58CB7A0207B10830099773D /* main.m */; };
		B58CB7B2207B10830099773D /* cityData.plist in Resources */ = {isa = PBXBuildFile; fileRef = B58CB7A2207B10830099773D /* cityData.plist */; };
		B58CB7B3207B10830099773D /* GameBoxConfig.plist in Resources */ = {isa = PBXBuildFile; fileRef = B58CB7A4207B10830099773D /* GameBoxConfig.plist */; };
		B58CB7B4207B10830099773D /* SYKeychain.m in Sources */ = {isa = PBXBuildFile; fileRef = B58CB7A7207B10830099773D /* SYKeychain.m */; };
		B58CB7B5207B10830099773D /* Assets.xcassets in Resources */ = {isa = PBXBuildFile; fileRef = B58CB7A9207B10830099773D /* Assets.xcassets */; };
		B58CB7B6207B10830099773D /* LaunchScreen.storyboard in Resources */ = {isa = PBXBuildFile; fileRef = B58CB7AA207B10830099773D /* LaunchScreen.storyboard */; };
		B58CB7D2207B12470099773D /* FFControllerManager.m in Sources */ = {isa = PBXBuildFile; fileRef = B58CB7D1207B12470099773D /* FFControllerManager.m */; };
		B58CB7D6207B12AC0099773D /* FFMainTabbarViewController.m in Sources */ = {isa = PBXBuildFile; fileRef = B58CB7D5207B12AC0099773D /* FFMainTabbarViewController.m */; };
		B58CB7DB207B12DC0099773D /* FFCustomizeTabBar.m in Sources */ = {isa = PBXBuildFile; fileRef = B58CB7DA207B12DC0099773D /* FFCustomizeTabBar.m */; };
		B590959820A9401B009CD99A /* FFMineViewModel.m in Sources */ = {isa = PBXBuildFile; fileRef = B590959720A9401B009CD99A /* FFMineViewModel.m */; };
		B590959C20A95CA2009CD99A /* FFColorManager.m in Sources */ = {isa = PBXBuildFile; fileRef = B590959B20A95CA2009CD99A /* FFColorManager.m */; };
		B59D989F2084A2E20024B11D /* FFBasicTableViewController.m in Sources */ = {isa = PBXBuildFile; fileRef = B59D989E2084A2E20024B11D /* FFBasicTableViewController.m */; };
		B59D98A22084A2FD0024B11D /* FFBasicSelectView.m in Sources */ = {isa = PBXBuildFile; fileRef = B59D98A12084A2FD0024B11D /* FFBasicSelectView.m */; };
		B5D10421208F0DD900CA1949 /* FFBasicViewController.m in Sources */ = {isa = PBXBuildFile; fileRef = B5D10420208F0DD900CA1949 /* FFBasicViewController.m */; };
		B5D10425208F13D400CA1949 /* FFCustomizeCell.m in Sources */ = {isa = PBXBuildFile; fileRef = B5D10422208F13D400CA1949 /* FFCustomizeCell.m */; };
		B5D10426208F13D400CA1949 /* FFCustomizeCell.xib in Resources */ = {isa = PBXBuildFile; fileRef = B5D10424208F13D400CA1949 /* FFCustomizeCell.xib */; };
		B5D1042A208F156000CA1949 /* FFGameModel.m in Sources */ = {isa = PBXBuildFile; fileRef = B5D10429208F156000CA1949 /* FFGameModel.m */; };
		B5D1042D208F162500CA1949 /* FFMapModel.m in Sources */ = {isa = PBXBuildFile; fileRef = B5D1042C208F162500CA1949 /* FFMapModel.m */; };
		B5D10431208F3CB300CA1949 /* FFWaitingManager.m in Sources */ = {isa = PBXBuildFile; fileRef = B5D10430208F3CB300CA1949 /* FFWaitingManager.m */; };
		B5D104352090167D00CA1949 /* FFRankListViewController.m in Sources */ = {isa = PBXBuildFile; fileRef = B5D104342090167D00CA1949 /* FFRankListViewController.m */; };
		B5D10439209022F800CA1949 /* FFGameGuideCell.xib in Resources */ = {isa = PBXBuildFile; fileRef = B5D10437209022F800CA1949 /* FFGameGuideCell.xib */; };
		B5D1043A209022F800CA1949 /* FFGameGuideCell.m in Sources */ = {isa = PBXBuildFile; fileRef = B5D10438209022F800CA1949 /* FFGameGuideCell.m */; };
		B5D1043E20904DB700CA1949 /* FFClassifyDetailViewController.m in Sources */ = {isa = PBXBuildFile; fileRef = B5D1043D20904DB700CA1949 /* FFClassifyDetailViewController.m */; };
		B5D1044320904E1E00CA1949 /* FFGameViewController.m in Sources */ = {isa = PBXBuildFile; fileRef = B5D1044220904E1E00CA1949 /* FFGameViewController.m */; };
		B5D10447209066FD00CA1949 /* FFClassifyTableCell.xib in Resources */ = {isa = PBXBuildFile; fileRef = B5D10445209066FD00CA1949 /* FFClassifyTableCell.xib */; };
		B5D10448209066FD00CA1949 /* FFClassifyTableCell.m in Sources */ = {isa = PBXBuildFile; fileRef = B5D10446209066FD00CA1949 /* FFClassifyTableCell.m */; };
		B5D1044B2090694200CA1949 /* FFWebViewController.m in Sources */ = {isa = PBXBuildFile; fileRef = B5D1044A2090694200CA1949 /* FFWebViewController.m */; };
		B5D5057B20859E8D000B7B50 /* FFTools.framework in Frameworks */ = {isa = PBXBuildFile; fileRef = B5D5057A20859E8D000B7B50 /* FFTools.framework */; };
		B5D505802085CB06000B7B50 /* FFBasicSelectViewController.m in Sources */ = {isa = PBXBuildFile; fileRef = B5D5057F2085CB06000B7B50 /* FFBasicSelectViewController.m */; };
		B5D505872086F1D8000B7B50 /* FFHomeViewController.m in Sources */ = {isa = PBXBuildFile; fileRef = B5D505862086F1D8000B7B50 /* FFHomeViewController.m */; };
		B5D5058B208715C0000B7B50 /* FFRecommentViewController.m in Sources */ = {isa = PBXBuildFile; fileRef = B5D5058A208715C0000B7B50 /* FFRecommentViewController.m */; };
		B5D5058E2088406A000B7B50 /* FFNewGameViewController.m in Sources */ = {isa = PBXBuildFile; fileRef = B5D5058D2088406A000B7B50 /* FFNewGameViewController.m */; };
		B5D5059120884126000B7B50 /* FFGameGuideViewController.m in Sources */ = {isa = PBXBuildFile; fileRef = B5D5059020884126000B7B50 /* FFGameGuideViewController.m */; };
		B5D5059420884164000B7B50 /* FFClassifyViewController.m in Sources */ = {isa = PBXBuildFile; fileRef = B5D5059320884164000B7B50 /* FFClassifyViewController.m */; };
		B5D5059A20886D7D000B7B50 /* FFOpenServiceViewController.m in Sources */ = {isa = PBXBuildFile; fileRef = B5D5059920886D7D000B7B50 /* FFOpenServiceViewController.m */; };
		B5D5059E208875E8000B7B50 /* FFOSChildViewController.m in Sources */ = {isa = PBXBuildFile; fileRef = B5D5059D208875E8000B7B50 /* FFOSChildViewController.m */; };
		B5D505A920898D25000B7B50 /* FFDriveViewController.m in Sources */ = {isa = PBXBuildFile; fileRef = B5D505A820898D25000B7B50 /* FFDriveViewController.m */; };
		B5D505AE20898D69000B7B50 /* FFMineViewController.m in Sources */ = {isa = PBXBuildFile; fileRef = B5D505AD20898D69000B7B50 /* FFMineViewController.m */; };
		B5D505EB2089DAFE000B7B50 /* FFStatisticsModel.m in Sources */ = {isa = PBXBuildFile; fileRef = B5D505EA2089DAFE000B7B50 /* FFStatisticsModel.m */; };
		B5E1E54320622E40008F49CA /* README.md in Resources */ = {isa = PBXBuildFile; fileRef = B5E1E54220622E40008F49CA /* README.md */; };
/* End PBXBuildFile section */

/* Begin PBXFileReference section */
		B5781ADE20A3F4DD00CB1464 /* FFHomeSelectView.m */ = {isa = PBXFileReference; fileEncoding = 4; lastKnownFileType = sourcecode.c.objc; path = FFHomeSelectView.m; sourceTree = "<group>"; };
		B5781ADF20A3F4DE00CB1464 /* FFHomeSelectView.h */ = {isa = PBXFileReference; fileEncoding = 4; lastKnownFileType = sourcecode.c.h; path = FFHomeSelectView.h; sourceTree = "<group>"; };
		B5781AE120A42CED00CB1464 /* FFUserModel.h */ = {isa = PBXFileReference; lastKnownFileType = sourcecode.c.h; path = FFUserModel.h; sourceTree = "<group>"; };
		B5781AE220A42CED00CB1464 /* FFUserModel.m */ = {isa = PBXFileReference; lastKnownFileType = sourcecode.c.objc; path = FFUserModel.m; sourceTree = "<group>"; };
		B5781AE420A440C800CB1464 /* Podfile */ = {isa = PBXFileReference; fileEncoding = 4; lastKnownFileType = text; path = Podfile; sourceTree = "<group>"; xcLanguageSpecificationIdentifier = xcode.lang.ruby; };
		B5781AE920A44B5100CB1464 /* FFBTServerViewController.h */ = {isa = PBXFileReference; lastKnownFileType = sourcecode.c.h; path = FFBTServerViewController.h; sourceTree = "<group>"; };
		B5781AEA20A44B5100CB1464 /* FFBTServerViewController.m */ = {isa = PBXFileReference; lastKnownFileType = sourcecode.c.objc; path = FFBTServerViewController.m; sourceTree = "<group>"; };
		B5781AEC20A44D8D00CB1464 /* FFBTServerHeaderView.h */ = {isa = PBXFileReference; lastKnownFileType = sourcecode.c.h; path = FFBTServerHeaderView.h; sourceTree = "<group>"; };
		B5781AED20A44D8D00CB1464 /* FFBTServerHeaderView.m */ = {isa = PBXFileReference; lastKnownFileType = sourcecode.c.objc; path = FFBTServerHeaderView.m; sourceTree = "<group>"; };
		B5781AF020A535B900CB1464 /* FFServersModel.h */ = {isa = PBXFileReference; lastKnownFileType = sourcecode.c.h; path = FFServersModel.h; sourceTree = "<group>"; };
		B5781AF120A535B900CB1464 /* FFServersModel.m */ = {isa = PBXFileReference; lastKnownFileType = sourcecode.c.objc; path = FFServersModel.m; sourceTree = "<group>"; };
		B5781AF520A573F200CB1464 /* FFZKServerViewController.h */ = {isa = PBXFileReference; lastKnownFileType = sourcecode.c.h; path = FFZKServerViewController.h; sourceTree = "<group>"; };
		B5781AF620A573F200CB1464 /* FFZKServerViewController.m */ = {isa = PBXFileReference; lastKnownFileType = sourcecode.c.objc; path = FFZKServerViewController.m; sourceTree = "<group>"; };
		B5781AF820A57B1C00CB1464 /* FFBasicBannerView.h */ = {isa = PBXFileReference; lastKnownFileType = sourcecode.c.h; path = FFBasicBannerView.h; sourceTree = "<group>"; };
		B5781AF920A57B1C00CB1464 /* FFBasicBannerView.m */ = {isa = PBXFileReference; lastKnownFileType = sourcecode.c.objc; path = FFBasicBannerView.m; sourceTree = "<group>"; };
		B5781AFC20A57D3600CB1464 /* FFImageManager.h */ = {isa = PBXFileReference; lastKnownFileType = sourcecode.c.h; path = FFImageManager.h; sourceTree = "<group>"; };
		B5781AFD20A57D3600CB1464 /* FFImageManager.m */ = {isa = PBXFileReference; lastKnownFileType = sourcecode.c.objc; path = FFImageManager.m; sourceTree = "<group>"; };
		B5781AFF20A5903700CB1464 /* ImageAssets.xcassets */ = {isa = PBXFileReference; lastKnownFileType = folder.assetcatalog; path = ImageAssets.xcassets; sourceTree = "<group>"; };
		B58CB796207B10830099773D /* FFBasicModel.h */ = {isa = PBXFileReference; fileEncoding = 4; lastKnownFileType = sourcecode.c.h; path = FFBasicModel.h; sourceTree = "<group>"; };
		B58CB797207B10830099773D /* FFBasicModel.m */ = {isa = PBXFileReference; fileEncoding = 4; lastKnownFileType = sourcecode.c.objc; path = FFBasicModel.m; sourceTree = "<group>"; };
		B58CB798207B10830099773D /* FFDeviceInfo.h */ = {isa = PBXFileReference; fileEncoding = 4; lastKnownFileType = sourcecode.c.h; path = FFDeviceInfo.h; sourceTree = "<group>"; };
		B58CB799207B10830099773D /* FFDeviceInfo.m */ = {isa = PBXFileReference; fileEncoding = 4; lastKnownFileType = sourcecode.c.objc; path = FFDeviceInfo.m; sourceTree = "<group>"; };
		B58CB79A207B10830099773D /* FFNetWorkManager.h */ = {isa = PBXFileReference; fileEncoding = 4; lastKnownFileType = sourcecode.c.h; path = FFNetWorkManager.h; sourceTree = "<group>"; };
		B58CB79B207B10830099773D /* FFNetWorkManager.m */ = {isa = PBXFileReference; fileEncoding = 4; lastKnownFileType = sourcecode.c.objc; path = FFNetWorkManager.m; sourceTree = "<group>"; };
		B58CB79D207B10830099773D /* FFAppDelegate.h */ = {isa = PBXFileReference; fileEncoding = 4; lastKnownFileType = sourcecode.c.h; path = FFAppDelegate.h; sourceTree = "<group>"; };
		B58CB79E207B10830099773D /* FFAppDelegate.m */ = {isa = PBXFileReference; fileEncoding = 4; lastKnownFileType = sourcecode.c.objc; path = FFAppDelegate.m; sourceTree = "<group>"; };
		B58CB79F207B10830099773D /* Info.plist */ = {isa = PBXFileReference; fileEncoding = 4; lastKnownFileType = text.plist.xml; path = Info.plist; sourceTree = "<group>"; };
		B58CB7A0207B10830099773D /* main.m */ = {isa = PBXFileReference; fileEncoding = 4; lastKnownFileType = sourcecode.c.objc; path = main.m; sourceTree = "<group>"; };
		B58CB7A2207B10830099773D /* cityData.plist */ = {isa = PBXFileReference; fileEncoding = 4; lastKnownFileType = text.plist.xml; path = cityData.plist; sourceTree = "<group>"; };
		B58CB7A3207B10830099773D /* FFPerFixHeader.pch */ = {isa = PBXFileReference; fileEncoding = 4; lastKnownFileType = sourcecode.c.h; path = FFPerFixHeader.pch; sourceTree = "<group>"; };
		B58CB7A4207B10830099773D /* GameBoxConfig.plist */ = {isa = PBXFileReference; fileEncoding = 4; lastKnownFileType = text.plist.xml; path = GameBoxConfig.plist; sourceTree = "<group>"; };
		B58CB7A6207B10830099773D /* SYKeychain.h */ = {isa = PBXFileReference; fileEncoding = 4; lastKnownFileType = sourcecode.c.h; path = SYKeychain.h; sourceTree = "<group>"; };
		B58CB7A7207B10830099773D /* SYKeychain.m */ = {isa = PBXFileReference; fileEncoding = 4; lastKnownFileType = sourcecode.c.objc; path = SYKeychain.m; sourceTree = "<group>"; };
		B58CB7A9207B10830099773D /* Assets.xcassets */ = {isa = PBXFileReference; lastKnownFileType = folder.assetcatalog; path = Assets.xcassets; sourceTree = "<group>"; };
		B58CB7AB207B10830099773D /* Base */ = {isa = PBXFileReference; lastKnownFileType = file.storyboard; name = Base; path = Base.lproj/LaunchScreen.storyboard; sourceTree = "<group>"; };
		B58CB7D0207B12470099773D /* FFControllerManager.h */ = {isa = PBXFileReference; lastKnownFileType = sourcecode.c.h; path = FFControllerManager.h; sourceTree = "<group>"; };
		B58CB7D1207B12470099773D /* FFControllerManager.m */ = {isa = PBXFileReference; lastKnownFileType = sourcecode.c.objc; path = FFControllerManager.m; sourceTree = "<group>"; };
		B58CB7D4207B12AC0099773D /* FFMainTabbarViewController.h */ = {isa = PBXFileReference; lastKnownFileType = sourcecode.c.h; path = FFMainTabbarViewController.h; sourceTree = "<group>"; };
		B58CB7D5207B12AC0099773D /* FFMainTabbarViewController.m */ = {isa = PBXFileReference; lastKnownFileType = sourcecode.c.objc; path = FFMainTabbarViewController.m; sourceTree = "<group>"; };
		B58CB7D9207B12DC0099773D /* FFCustomizeTabBar.h */ = {isa = PBXFileReference; lastKnownFileType = sourcecode.c.h; path = FFCustomizeTabBar.h; sourceTree = "<group>"; };
		B58CB7DA207B12DC0099773D /* FFCustomizeTabBar.m */ = {isa = PBXFileReference; lastKnownFileType = sourcecode.c.objc; path = FFCustomizeTabBar.m; sourceTree = "<group>"; };
		B590959620A9401B009CD99A /* FFMineViewModel.h */ = {isa = PBXFileReference; lastKnownFileType = sourcecode.c.h; path = FFMineViewModel.h; sourceTree = "<group>"; };
		B590959720A9401B009CD99A /* FFMineViewModel.m */ = {isa = PBXFileReference; lastKnownFileType = sourcecode.c.objc; path = FFMineViewModel.m; sourceTree = "<group>"; };
		B590959A20A95CA2009CD99A /* FFColorManager.h */ = {isa = PBXFileReference; lastKnownFileType = sourcecode.c.h; path = FFColorManager.h; sourceTree = "<group>"; };
		B590959B20A95CA2009CD99A /* FFColorManager.m */ = {isa = PBXFileReference; lastKnownFileType = sourcecode.c.objc; path = FFColorManager.m; sourceTree = "<group>"; };
		B59D989D2084A2E20024B11D /* FFBasicTableViewController.h */ = {isa = PBXFileReference; lastKnownFileType = sourcecode.c.h; path = FFBasicTableViewController.h; sourceTree = "<group>"; };
		B59D989E2084A2E20024B11D /* FFBasicTableViewController.m */ = {isa = PBXFileReference; lastKnownFileType = sourcecode.c.objc; path = FFBasicTableViewController.m; sourceTree = "<group>"; };
		B59D98A02084A2FD0024B11D /* FFBasicSelectView.h */ = {isa = PBXFileReference; lastKnownFileType = sourcecode.c.h; path = FFBasicSelectView.h; sourceTree = "<group>"; };
		B59D98A12084A2FD0024B11D /* FFBasicSelectView.m */ = {isa = PBXFileReference; lastKnownFileType = sourcecode.c.objc; path = FFBasicSelectView.m; sourceTree = "<group>"; };
		B5D1041F208F0DD900CA1949 /* FFBasicViewController.h */ = {isa = PBXFileReference; lastKnownFileType = sourcecode.c.h; path = FFBasicViewController.h; sourceTree = "<group>"; };
		B5D10420208F0DD900CA1949 /* FFBasicViewController.m */ = {isa = PBXFileReference; lastKnownFileType = sourcecode.c.objc; path = FFBasicViewController.m; sourceTree = "<group>"; };
		B5D10422208F13D400CA1949 /* FFCustomizeCell.m */ = {isa = PBXFileReference; fileEncoding = 4; lastKnownFileType = sourcecode.c.objc; path = FFCustomizeCell.m; sourceTree = "<group>"; };
		B5D10423208F13D400CA1949 /* FFCustomizeCell.h */ = {isa = PBXFileReference; fileEncoding = 4; lastKnownFileType = sourcecode.c.h; path = FFCustomizeCell.h; sourceTree = "<group>"; };
		B5D10424208F13D400CA1949 /* FFCustomizeCell.xib */ = {isa = PBXFileReference; fileEncoding = 4; lastKnownFileType = file.xib; path = FFCustomizeCell.xib; sourceTree = "<group>"; };
		B5D10428208F156000CA1949 /* FFGameModel.h */ = {isa = PBXFileReference; lastKnownFileType = sourcecode.c.h; path = FFGameModel.h; sourceTree = "<group>"; };
		B5D10429208F156000CA1949 /* FFGameModel.m */ = {isa = PBXFileReference; lastKnownFileType = sourcecode.c.objc; path = FFGameModel.m; sourceTree = "<group>"; };
		B5D1042B208F162500CA1949 /* FFMapModel.h */ = {isa = PBXFileReference; lastKnownFileType = sourcecode.c.h; path = FFMapModel.h; sourceTree = "<group>"; };
		B5D1042C208F162500CA1949 /* FFMapModel.m */ = {isa = PBXFileReference; lastKnownFileType = sourcecode.c.objc; path = FFMapModel.m; sourceTree = "<group>"; };
		B5D1042F208F3CB300CA1949 /* FFWaitingManager.h */ = {isa = PBXFileReference; fileEncoding = 4; lastKnownFileType = sourcecode.c.h; path = FFWaitingManager.h; sourceTree = "<group>"; };
		B5D10430208F3CB300CA1949 /* FFWaitingManager.m */ = {isa = PBXFileReference; fileEncoding = 4; lastKnownFileType = sourcecode.c.objc; path = FFWaitingManager.m; sourceTree = "<group>"; };
		B5D104332090167D00CA1949 /* FFRankListViewController.h */ = {isa = PBXFileReference; lastKnownFileType = sourcecode.c.h; path = FFRankListViewController.h; sourceTree = "<group>"; };
		B5D104342090167D00CA1949 /* FFRankListViewController.m */ = {isa = PBXFileReference; lastKnownFileType = sourcecode.c.objc; path = FFRankListViewController.m; sourceTree = "<group>"; };
		B5D10436209022F800CA1949 /* FFGameGuideCell.h */ = {isa = PBXFileReference; fileEncoding = 4; lastKnownFileType = sourcecode.c.h; path = FFGameGuideCell.h; sourceTree = "<group>"; };
		B5D10437209022F800CA1949 /* FFGameGuideCell.xib */ = {isa = PBXFileReference; fileEncoding = 4; lastKnownFileType = file.xib; path = FFGameGuideCell.xib; sourceTree = "<group>"; };
		B5D10438209022F800CA1949 /* FFGameGuideCell.m */ = {isa = PBXFileReference; fileEncoding = 4; lastKnownFileType = sourcecode.c.objc; path = FFGameGuideCell.m; sourceTree = "<group>"; };
		B5D1043C20904DB700CA1949 /* FFClassifyDetailViewController.h */ = {isa = PBXFileReference; lastKnownFileType = sourcecode.c.h; path = FFClassifyDetailViewController.h; sourceTree = "<group>"; };
		B5D1043D20904DB700CA1949 /* FFClassifyDetailViewController.m */ = {isa = PBXFileReference; lastKnownFileType = sourcecode.c.objc; path = FFClassifyDetailViewController.m; sourceTree = "<group>"; };
		B5D1044120904E1E00CA1949 /* FFGameViewController.h */ = {isa = PBXFileReference; lastKnownFileType = sourcecode.c.h; path = FFGameViewController.h; sourceTree = "<group>"; };
		B5D1044220904E1E00CA1949 /* FFGameViewController.m */ = {isa = PBXFileReference; lastKnownFileType = sourcecode.c.objc; path = FFGameViewController.m; sourceTree = "<group>"; };
		B5D10444209066FC00CA1949 /* FFClassifyTableCell.h */ = {isa = PBXFileReference; fileEncoding = 4; lastKnownFileType = sourcecode.c.h; path = FFClassifyTableCell.h; sourceTree = "<group>"; };
		B5D10445209066FD00CA1949 /* FFClassifyTableCell.xib */ = {isa = PBXFileReference; fileEncoding = 4; lastKnownFileType = file.xib; path = FFClassifyTableCell.xib; sourceTree = "<group>"; };
		B5D10446209066FD00CA1949 /* FFClassifyTableCell.m */ = {isa = PBXFileReference; fileEncoding = 4; lastKnownFileType = sourcecode.c.objc; path = FFClassifyTableCell.m; sourceTree = "<group>"; };
		B5D104492090694200CA1949 /* FFWebViewController.h */ = {isa = PBXFileReference; lastKnownFileType = sourcecode.c.h; path = FFWebViewController.h; sourceTree = "<group>"; };
		B5D1044A2090694200CA1949 /* FFWebViewController.m */ = {isa = PBXFileReference; lastKnownFileType = sourcecode.c.objc; path = FFWebViewController.m; sourceTree = "<group>"; };
		B5D5057A20859E8D000B7B50 /* FFTools.framework */ = {isa = PBXFileReference; lastKnownFileType = wrapper.framework; name = FFTools.framework; path = GameBox/FFTools.framework; sourceTree = "<group>"; };
		B5D5057E2085CB06000B7B50 /* FFBasicSelectViewController.h */ = {isa = PBXFileReference; lastKnownFileType = sourcecode.c.h; path = FFBasicSelectViewController.h; sourceTree = "<group>"; };
		B5D5057F2085CB06000B7B50 /* FFBasicSelectViewController.m */ = {isa = PBXFileReference; lastKnownFileType = sourcecode.c.objc; path = FFBasicSelectViewController.m; sourceTree = "<group>"; };
		B5D505852086F1D8000B7B50 /* FFHomeViewController.h */ = {isa = PBXFileReference; lastKnownFileType = sourcecode.c.h; path = FFHomeViewController.h; sourceTree = "<group>"; };
		B5D505862086F1D8000B7B50 /* FFHomeViewController.m */ = {isa = PBXFileReference; lastKnownFileType = sourcecode.c.objc; path = FFHomeViewController.m; sourceTree = "<group>"; };
		B5D50589208715C0000B7B50 /* FFRecommentViewController.h */ = {isa = PBXFileReference; lastKnownFileType = sourcecode.c.h; path = FFRecommentViewController.h; sourceTree = "<group>"; };
		B5D5058A208715C0000B7B50 /* FFRecommentViewController.m */ = {isa = PBXFileReference; lastKnownFileType = sourcecode.c.objc; path = FFRecommentViewController.m; sourceTree = "<group>"; };
		B5D5058C2088406A000B7B50 /* FFNewGameViewController.h */ = {isa = PBXFileReference; lastKnownFileType = sourcecode.c.h; path = FFNewGameViewController.h; sourceTree = "<group>"; };
		B5D5058D2088406A000B7B50 /* FFNewGameViewController.m */ = {isa = PBXFileReference; lastKnownFileType = sourcecode.c.objc; path = FFNewGameViewController.m; sourceTree = "<group>"; };
		B5D5058F20884126000B7B50 /* FFGameGuideViewController.h */ = {isa = PBXFileReference; lastKnownFileType = sourcecode.c.h; path = FFGameGuideViewController.h; sourceTree = "<group>"; };
		B5D5059020884126000B7B50 /* FFGameGuideViewController.m */ = {isa = PBXFileReference; lastKnownFileType = sourcecode.c.objc; path = FFGameGuideViewController.m; sourceTree = "<group>"; };
		B5D5059220884164000B7B50 /* FFClassifyViewController.h */ = {isa = PBXFileReference; lastKnownFileType = sourcecode.c.h; path = FFClassifyViewController.h; sourceTree = "<group>"; };
		B5D5059320884164000B7B50 /* FFClassifyViewController.m */ = {isa = PBXFileReference; lastKnownFileType = sourcecode.c.objc; path = FFClassifyViewController.m; sourceTree = "<group>"; };
		B5D5059820886D7D000B7B50 /* FFOpenServiceViewController.h */ = {isa = PBXFileReference; lastKnownFileType = sourcecode.c.h; path = FFOpenServiceViewController.h; sourceTree = "<group>"; };
		B5D5059920886D7D000B7B50 /* FFOpenServiceViewController.m */ = {isa = PBXFileReference; lastKnownFileType = sourcecode.c.objc; path = FFOpenServiceViewController.m; sourceTree = "<group>"; };
		B5D5059C208875E8000B7B50 /* FFOSChildViewController.h */ = {isa = PBXFileReference; lastKnownFileType = sourcecode.c.h; path = FFOSChildViewController.h; sourceTree = "<group>"; };
		B5D5059D208875E8000B7B50 /* FFOSChildViewController.m */ = {isa = PBXFileReference; lastKnownFileType = sourcecode.c.objc; path = FFOSChildViewController.m; sourceTree = "<group>"; };
		B5D505A720898D25000B7B50 /* FFDriveViewController.h */ = {isa = PBXFileReference; lastKnownFileType = sourcecode.c.h; path = FFDriveViewController.h; sourceTree = "<group>"; };
		B5D505A820898D25000B7B50 /* FFDriveViewController.m */ = {isa = PBXFileReference; lastKnownFileType = sourcecode.c.objc; path = FFDriveViewController.m; sourceTree = "<group>"; };
		B5D505AC20898D69000B7B50 /* FFMineViewController.h */ = {isa = PBXFileReference; lastKnownFileType = sourcecode.c.h; path = FFMineViewController.h; sourceTree = "<group>"; };
		B5D505AD20898D69000B7B50 /* FFMineViewController.m */ = {isa = PBXFileReference; lastKnownFileType = sourcecode.c.objc; path = FFMineViewController.m; sourceTree = "<group>"; };
		B5D505E92089DAFE000B7B50 /* FFStatisticsModel.h */ = {isa = PBXFileReference; lastKnownFileType = sourcecode.c.h; path = FFStatisticsModel.h; sourceTree = "<group>"; };
		B5D505EA2089DAFE000B7B50 /* FFStatisticsModel.m */ = {isa = PBXFileReference; lastKnownFileType = sourcecode.c.objc; path = FFStatisticsModel.m; sourceTree = "<group>"; };
		B5E1E51B206201CD008F49CA /* GameBox.app */ = {isa = PBXFileReference; explicitFileType = wrapper.application; includeInIndex = 0; path = GameBox.app; sourceTree = BUILT_PRODUCTS_DIR; };
		B5E1E54220622E40008F49CA /* README.md */ = {isa = PBXFileReference; fileEncoding = 4; lastKnownFileType = net.daringfireball.markdown; path = README.md; sourceTree = "<group>"; };
		C1C09ECF85CDCEAA38284810 /* libPods-GameBox.a */ = {isa = PBXFileReference; explicitFileType = archive.ar; includeInIndex = 0; path = "libPods-GameBox.a"; sourceTree = BUILT_PRODUCTS_DIR; };
		C9E7C73404CBBD7F21F68365 /* Pods-GameBox.release.xcconfig */ = {isa = PBXFileReference; includeInIndex = 1; lastKnownFileType = text.xcconfig; name = "Pods-GameBox.release.xcconfig"; path = "Pods/Target Support Files/Pods-GameBox/Pods-GameBox.release.xcconfig"; sourceTree = "<group>"; };
		EE677440EC57745993D7D0F0 /* Pods-GameBox.debug.xcconfig */ = {isa = PBXFileReference; includeInIndex = 1; lastKnownFileType = text.xcconfig; name = "Pods-GameBox.debug.xcconfig"; path = "Pods/Target Support Files/Pods-GameBox/Pods-GameBox.debug.xcconfig"; sourceTree = "<group>"; };
/* End PBXFileReference section */

/* Begin PBXFrameworksBuildPhase section */
		B5E1E518206201CD008F49CA /* Frameworks */ = {
			isa = PBXFrameworksBuildPhase;
			buildActionMask = 2147483647;
			files = (
				0543CAF4C1A27767297E9250 /* libPods-GameBox.a in Frameworks */,
				B5D5057B20859E8D000B7B50 /* FFTools.framework in Frameworks */,
			);
			runOnlyForDeploymentPostprocessing = 0;
		};
/* End PBXFrameworksBuildPhase section */

/* Begin PBXGroup section */
		76486CF296C9DFD1ABAED75C /* Frameworks */ = {
			isa = PBXGroup;
			children = (
				B5D5057A20859E8D000B7B50 /* FFTools.framework */,
				C1C09ECF85CDCEAA38284810 /* libPods-GameBox.a */,
			);
			name = Frameworks;
			sourceTree = "<group>";
		};
		B5781AE620A44AF300CB1464 /* FFBTServerClass */ = {
			isa = PBXGroup;
			children = (
				B5781AEF20A535A100CB1464 /* Model */,
				B5781AE820A44B2C00CB1464 /* View */,
				B5781AE720A44B2400CB1464 /* Controller */,
			);
			path = FFBTServerClass;
			sourceTree = "<group>";
		};
		B5781AE720A44B2400CB1464 /* Controller */ = {
			isa = PBXGroup;
			children = (
				B5781AE920A44B5100CB1464 /* FFBTServerViewController.h */,
				B5781AEA20A44B5100CB1464 /* FFBTServerViewController.m */,
			);
			path = Controller;
			sourceTree = "<group>";
		};
		B5781AE820A44B2C00CB1464 /* View */ = {
			isa = PBXGroup;
			children = (
				B5781AEC20A44D8D00CB1464 /* FFBTServerHeaderView.h */,
				B5781AED20A44D8D00CB1464 /* FFBTServerHeaderView.m */,
			);
			path = View;
			sourceTree = "<group>";
		};
		B5781AEF20A535A100CB1464 /* Model */ = {
			isa = PBXGroup;
			children = (
				B5781AF020A535B900CB1464 /* FFServersModel.h */,
				B5781AF120A535B900CB1464 /* FFServersModel.m */,
			);
			path = Model;
			sourceTree = "<group>";
		};
		B5781AF320A573C500CB1464 /* FFZKServerClass */ = {
			isa = PBXGroup;
			children = (
				B5781AF420A573DA00CB1464 /* Controller */,
			);
			path = FFZKServerClass;
			sourceTree = "<group>";
		};
		B5781AF420A573DA00CB1464 /* Controller */ = {
			isa = PBXGroup;
			children = (
				B5781AF520A573F200CB1464 /* FFZKServerViewController.h */,
				B5781AF620A573F200CB1464 /* FFZKServerViewController.m */,
			);
			path = Controller;
			sourceTree = "<group>";
		};
		B5781AFB20A57D1A00CB1464 /* ImageManager */ = {
			isa = PBXGroup;
			children = (
				B5781AFC20A57D3600CB1464 /* FFImageManager.h */,
				B5781AFD20A57D3600CB1464 /* FFImageManager.m */,
			);
			path = ImageManager;
			sourceTree = "<group>";
		};
		B58CB794207B10830099773D /* GameBox */ = {
			isa = PBXGroup;
			children = (
				B58CB79C207B10830099773D /* MainEntry */,
				B58CB7CF207B122D0099773D /* ControllerManager */,
				B5D1042E208F3CB300CA1949 /* WaitingManager */,
				B5781AFB20A57D1A00CB1464 /* ImageManager */,
				B590959920A95C89009CD99A /* ColorManager */,
				B58CB795207B10830099773D /* BasicModel */,
				B59D989A2084A2AC0024B11D /* BasicView */,
				B59D989C2084A2C20024B11D /* BasicController */,
				B5D505E82089DAA6000B7B50 /* GeneralModel */,
				B5D505812086F17A000B7B50 /* GeneralClass */,
				B58CB7A1207B10830099773D /* Others */,
				B58CB7A8207B10830099773D /* Resource */,
			);
			path = GameBox;
			sourceTree = "<group>";
		};
		B58CB795207B10830099773D /* BasicModel */ = {
			isa = PBXGroup;
			children = (
				B58CB796207B10830099773D /* FFBasicModel.h */,
				B58CB797207B10830099773D /* FFBasicModel.m */,
				B58CB798207B10830099773D /* FFDeviceInfo.h */,
				B58CB799207B10830099773D /* FFDeviceInfo.m */,
				B58CB79A207B10830099773D /* FFNetWorkManager.h */,
				B58CB79B207B10830099773D /* FFNetWorkManager.m */,
				B5D1042B208F162500CA1949 /* FFMapModel.h */,
				B5D1042C208F162500CA1949 /* FFMapModel.m */,
			);
			path = BasicModel;
			sourceTree = "<group>";
		};
		B58CB79C207B10830099773D /* MainEntry */ = {
			isa = PBXGroup;
			children = (
				B58CB79D207B10830099773D /* FFAppDelegate.h */,
				B58CB79E207B10830099773D /* FFAppDelegate.m */,
				B58CB79F207B10830099773D /* Info.plist */,
				B58CB7A0207B10830099773D /* main.m */,
			);
			path = MainEntry;
			sourceTree = "<group>";
		};
		B58CB7A1207B10830099773D /* Others */ = {
			isa = PBXGroup;
			children = (
				B58CB7A2207B10830099773D /* cityData.plist */,
				B58CB7A3207B10830099773D /* FFPerFixHeader.pch */,
				B58CB7A4207B10830099773D /* GameBoxConfig.plist */,
				B58CB7A5207B10830099773D /* Third_Library */,
			);
			path = Others;
			sourceTree = "<group>";
		};
		B58CB7A5207B10830099773D /* Third_Library */ = {
			isa = PBXGroup;
			children = (
				B58CB7A6207B10830099773D /* SYKeychain.h */,
				B58CB7A7207B10830099773D /* SYKeychain.m */,
			);
			path = Third_Library;
			sourceTree = "<group>";
		};
		B58CB7A8207B10830099773D /* Resource */ = {
			isa = PBXGroup;
			children = (
				B58CB7A9207B10830099773D /* Assets.xcassets */,
				B5781AFF20A5903700CB1464 /* ImageAssets.xcassets */,
				B58CB7AA207B10830099773D /* LaunchScreen.storyboard */,
			);
			path = Resource;
			sourceTree = "<group>";
		};
		B58CB7CF207B122D0099773D /* ControllerManager */ = {
			isa = PBXGroup;
			children = (
				B58CB7D0207B12470099773D /* FFControllerManager.h */,
				B58CB7D1207B12470099773D /* FFControllerManager.m */,
				B58CB7D3207B12710099773D /* MainTabbarController */,
			);
			path = ControllerManager;
			sourceTree = "<group>";
		};
		B58CB7D3207B12710099773D /* MainTabbarController */ = {
			isa = PBXGroup;
			children = (
				B58CB7D4207B12AC0099773D /* FFMainTabbarViewController.h */,
				B58CB7D5207B12AC0099773D /* FFMainTabbarViewController.m */,
				B58CB7D7207B12C40099773D /* View */,
			);
			path = MainTabbarController;
			sourceTree = "<group>";
		};
		B58CB7D7207B12C40099773D /* View */ = {
			isa = PBXGroup;
			children = (
				B58CB7D9207B12DC0099773D /* FFCustomizeTabBar.h */,
				B58CB7DA207B12DC0099773D /* FFCustomizeTabBar.m */,
			);
			path = View;
			sourceTree = "<group>";
		};
		B590959520A93FEC009CD99A /* Model */ = {
			isa = PBXGroup;
			children = (
				B590959620A9401B009CD99A /* FFMineViewModel.h */,
				B590959720A9401B009CD99A /* FFMineViewModel.m */,
			);
			path = Model;
			sourceTree = "<group>";
		};
		B590959920A95C89009CD99A /* ColorManager */ = {
			isa = PBXGroup;
			children = (
				B590959A20A95CA2009CD99A /* FFColorManager.h */,
				B590959B20A95CA2009CD99A /* FFColorManager.m */,
			);
			path = ColorManager;
			sourceTree = "<group>";
		};
		B59D989A2084A2AC0024B11D /* BasicView */ = {
			isa = PBXGroup;
			children = (
				B59D98A02084A2FD0024B11D /* FFBasicSelectView.h */,
				B59D98A12084A2FD0024B11D /* FFBasicSelectView.m */,
				B5781AF820A57B1C00CB1464 /* FFBasicBannerView.h */,
				B5781AF920A57B1C00CB1464 /* FFBasicBannerView.m */,
				B5D10423208F13D400CA1949 /* FFCustomizeCell.h */,
				B5D10422208F13D400CA1949 /* FFCustomizeCell.m */,
				B5D10424208F13D400CA1949 /* FFCustomizeCell.xib */,
			);
			path = BasicView;
			sourceTree = "<group>";
		};
		B59D989C2084A2C20024B11D /* BasicController */ = {
			isa = PBXGroup;
			children = (
				B5D1041F208F0DD900CA1949 /* FFBasicViewController.h */,
				B5D10420208F0DD900CA1949 /* FFBasicViewController.m */,
				B59D989D2084A2E20024B11D /* FFBasicTableViewController.h */,
				B59D989E2084A2E20024B11D /* FFBasicTableViewController.m */,
				B5D5057E2085CB06000B7B50 /* FFBasicSelectViewController.h */,
				B5D5057F2085CB06000B7B50 /* FFBasicSelectViewController.m */,
				B5D104492090694200CA1949 /* FFWebViewController.h */,
				B5D1044A2090694200CA1949 /* FFWebViewController.m */,
			);
			path = BasicController;
			sourceTree = "<group>";
		};
		B5D103F4208DBEAD00CA1949 /* ChildDriveController */ = {
			isa = PBXGroup;
			children = (
			);
			path = ChildDriveController;
			sourceTree = "<group>";
		};
		B5D1042E208F3CB300CA1949 /* WaitingManager */ = {
			isa = PBXGroup;
			children = (
				B5D1042F208F3CB300CA1949 /* FFWaitingManager.h */,
				B5D10430208F3CB300CA1949 /* FFWaitingManager.m */,
			);
			path = WaitingManager;
			sourceTree = "<group>";
		};
		B5D104322090164900CA1949 /* FFRankListClass */ = {
			isa = PBXGroup;
			children = (
				B5D104332090167D00CA1949 /* FFRankListViewController.h */,
				B5D104342090167D00CA1949 /* FFRankListViewController.m */,
			);
			path = FFRankListClass;
			sourceTree = "<group>";
		};
		B5D1043B20904D6700CA1949 /* OtherChildController */ = {
			isa = PBXGroup;
			children = (
				B5D1043C20904DB700CA1949 /* FFClassifyDetailViewController.h */,
				B5D1043D20904DB700CA1949 /* FFClassifyDetailViewController.m */,
			);
			path = OtherChildController;
			sourceTree = "<group>";
		};
		B5D1043F20904DC200CA1949 /* FFGameClass */ = {
			isa = PBXGroup;
			children = (
				B5D1044020904DD800CA1949 /* Controller */,
			);
			path = FFGameClass;
			sourceTree = "<group>";
		};
		B5D1044020904DD800CA1949 /* Controller */ = {
			isa = PBXGroup;
			children = (
				B5D1044120904E1E00CA1949 /* FFGameViewController.h */,
				B5D1044220904E1E00CA1949 /* FFGameViewController.m */,
			);
			path = Controller;
			sourceTree = "<group>";
		};
		B5D505812086F17A000B7B50 /* GeneralClass */ = {
			isa = PBXGroup;
			children = (
				B5D1043F20904DC200CA1949 /* FFGameClass */,
				B5D505822086F1A3000B7B50 /* FFHomeClass */,
				B5781AE620A44AF300CB1464 /* FFBTServerClass */,
				B5781AF320A573C500CB1464 /* FFZKServerClass */,
				B5D5059520886D1A000B7B50 /* FFOpenServiceClass */,
				B5D5059F20887B00000B7B50 /* FFDriveClass */,
				B5D505AA20898D34000B7B50 /* FFMineClass */,
				B5D104322090164900CA1949 /* FFRankListClass */,
			);
			path = GeneralClass;
			sourceTree = "<group>";
		};
		B5D505822086F1A3000B7B50 /* FFHomeClass */ = {
			isa = PBXGroup;
			children = (
				B5D505842086F1BC000B7B50 /* Controller */,
				B5D505832086F1AF000B7B50 /* View */,
			);
			path = FFHomeClass;
			sourceTree = "<group>";
		};
		B5D505832086F1AF000B7B50 /* View */ = {
			isa = PBXGroup;
			children = (
				B5781ADF20A3F4DE00CB1464 /* FFHomeSelectView.h */,
				B5781ADE20A3F4DD00CB1464 /* FFHomeSelectView.m */,
				B5D10436209022F800CA1949 /* FFGameGuideCell.h */,
				B5D10438209022F800CA1949 /* FFGameGuideCell.m */,
				B5D10437209022F800CA1949 /* FFGameGuideCell.xib */,
				B5D10444209066FC00CA1949 /* FFClassifyTableCell.h */,
				B5D10446209066FD00CA1949 /* FFClassifyTableCell.m */,
				B5D10445209066FD00CA1949 /* FFClassifyTableCell.xib */,
			);
			path = View;
			sourceTree = "<group>";
		};
		B5D505842086F1BC000B7B50 /* Controller */ = {
			isa = PBXGroup;
			children = (
				B5D505852086F1D8000B7B50 /* FFHomeViewController.h */,
				B5D505862086F1D8000B7B50 /* FFHomeViewController.m */,
				B5D505882087158B000B7B50 /* HomeChildController */,
				B5D1043B20904D6700CA1949 /* OtherChildController */,
			);
			path = Controller;
			sourceTree = "<group>";
		};
		B5D505882087158B000B7B50 /* HomeChildController */ = {
			isa = PBXGroup;
			children = (
				B5D50589208715C0000B7B50 /* FFRecommentViewController.h */,
				B5D5058A208715C0000B7B50 /* FFRecommentViewController.m */,
				B5D5058C2088406A000B7B50 /* FFNewGameViewController.h */,
				B5D5058D2088406A000B7B50 /* FFNewGameViewController.m */,
				B5D5058F20884126000B7B50 /* FFGameGuideViewController.h */,
				B5D5059020884126000B7B50 /* FFGameGuideViewController.m */,
				B5D5059220884164000B7B50 /* FFClassifyViewController.h */,
				B5D5059320884164000B7B50 /* FFClassifyViewController.m */,
			);
			path = HomeChildController;
			sourceTree = "<group>";
		};
		B5D5059520886D1A000B7B50 /* FFOpenServiceClass */ = {
			isa = PBXGroup;
			children = (
				B5D5059720886D58000B7B50 /* Controller */,
				B5D5059620886D4C000B7B50 /* View */,
			);
			path = FFOpenServiceClass;
			sourceTree = "<group>";
		};
		B5D5059620886D4C000B7B50 /* View */ = {
			isa = PBXGroup;
			children = (
			);
			path = View;
			sourceTree = "<group>";
		};
		B5D5059720886D58000B7B50 /* Controller */ = {
			isa = PBXGroup;
			children = (
				B5D5059820886D7D000B7B50 /* FFOpenServiceViewController.h */,
				B5D5059920886D7D000B7B50 /* FFOpenServiceViewController.m */,
				B5D5059B20887518000B7B50 /* ChildController */,
			);
			path = Controller;
			sourceTree = "<group>";
		};
		B5D5059B20887518000B7B50 /* ChildController */ = {
			isa = PBXGroup;
			children = (
				B5D5059C208875E8000B7B50 /* FFOSChildViewController.h */,
				B5D5059D208875E8000B7B50 /* FFOSChildViewController.m */,
			);
			path = ChildController;
			sourceTree = "<group>";
		};
		B5D5059F20887B00000B7B50 /* FFDriveClass */ = {
			isa = PBXGroup;
			children = (
				B5D505A220887B23000B7B50 /* Controller */,
				B5D505A320887B2B000B7B50 /* Model */,
				B5D505A020887B13000B7B50 /* View */,
			);
			path = FFDriveClass;
			sourceTree = "<group>";
		};
		B5D505A020887B13000B7B50 /* View */ = {
			isa = PBXGroup;
			children = (
			);
			path = View;
			sourceTree = "<group>";
		};
		B5D505A220887B23000B7B50 /* Controller */ = {
			isa = PBXGroup;
			children = (
				B5D505A720898D25000B7B50 /* FFDriveViewController.h */,
				B5D505A820898D25000B7B50 /* FFDriveViewController.m */,
				B5D103F4208DBEAD00CA1949 /* ChildDriveController */,
			);
			path = Controller;
			sourceTree = "<group>";
		};
		B5D505A320887B2B000B7B50 /* Model */ = {
			isa = PBXGroup;
			children = (
			);
			path = Model;
			sourceTree = "<group>";
		};
		B5D505AA20898D34000B7B50 /* FFMineClass */ = {
			isa = PBXGroup;
			children = (
				B590959520A93FEC009CD99A /* Model */,
				B5D505AB20898D44000B7B50 /* Controller */,
			);
			path = FFMineClass;
			sourceTree = "<group>";
		};
		B5D505AB20898D44000B7B50 /* Controller */ = {
			isa = PBXGroup;
			children = (
				B5D505AC20898D69000B7B50 /* FFMineViewController.h */,
				B5D505AD20898D69000B7B50 /* FFMineViewController.m */,
			);
			path = Controller;
			sourceTree = "<group>";
		};
		B5D505E82089DAA6000B7B50 /* GeneralModel */ = {
			isa = PBXGroup;
			children = (
				B5D505E92089DAFE000B7B50 /* FFStatisticsModel.h */,
				B5D505EA2089DAFE000B7B50 /* FFStatisticsModel.m */,
				B5D10428208F156000CA1949 /* FFGameModel.h */,
				B5D10429208F156000CA1949 /* FFGameModel.m */,
				B5781AE120A42CED00CB1464 /* FFUserModel.h */,
				B5781AE220A42CED00CB1464 /* FFUserModel.m */,
			);
			path = GeneralModel;
			sourceTree = "<group>";
		};
		B5E1E512206201CD008F49CA = {
			isa = PBXGroup;
			children = (
				B5E1E54220622E40008F49CA /* README.md */,
				B5781AE420A440C800CB1464 /* Podfile */,
				B58CB794207B10830099773D /* GameBox */,
				B5E1E51C206201CD008F49CA /* Products */,
				BE21CAB11E85AE02A6E497CF /* Pods */,
				76486CF296C9DFD1ABAED75C /* Frameworks */,
			);
			sourceTree = "<group>";
		};
		B5E1E51C206201CD008F49CA /* Products */ = {
			isa = PBXGroup;
			children = (
				B5E1E51B206201CD008F49CA /* GameBox.app */,
			);
			name = Products;
			sourceTree = "<group>";
		};
		BE21CAB11E85AE02A6E497CF /* Pods */ = {
			isa = PBXGroup;
			children = (
				EE677440EC57745993D7D0F0 /* Pods-GameBox.debug.xcconfig */,
				C9E7C73404CBBD7F21F68365 /* Pods-GameBox.release.xcconfig */,
			);
			name = Pods;
			sourceTree = "<group>";
		};
/* End PBXGroup section */

/* Begin PBXNativeTarget section */
		B5E1E51A206201CD008F49CA /* GameBox */ = {
			isa = PBXNativeTarget;
			buildConfigurationList = B5E1E531206201CE008F49CA /* Build configuration list for PBXNativeTarget "GameBox" */;
			buildPhases = (
				68EF3DF7D1F4BA518DF908A6 /* [CP] Check Pods Manifest.lock */,
				B5E1E517206201CD008F49CA /* Sources */,
				B5E1E518206201CD008F49CA /* Frameworks */,
				B5E1E519206201CD008F49CA /* Resources */,
				855088BB2EB51745EF0A908B /* [CP] Copy Pods Resources */,
			);
			buildRules = (
			);
			dependencies = (
			);
			name = GameBox;
			productName = GameBox;
			productReference = B5E1E51B206201CD008F49CA /* GameBox.app */;
			productType = "com.apple.product-type.application";
		};
/* End PBXNativeTarget section */

/* Begin PBXProject section */
		B5E1E513206201CD008F49CA /* Project object */ = {
			isa = PBXProject;
			attributes = {
				LastUpgradeCheck = 0910;
				ORGANIZATIONNAME = Sans;
				TargetAttributes = {
					B5E1E51A206201CD008F49CA = {
						CreatedOnToolsVersion = 9.1;
						ProvisioningStyle = Automatic;
					};
				};
			};
			buildConfigurationList = B5E1E516206201CD008F49CA /* Build configuration list for PBXProject "GameBox" */;
			compatibilityVersion = "Xcode 8.0";
			developmentRegion = en;
			hasScannedForEncodings = 0;
			knownRegions = (
				en,
				Base,
			);
			mainGroup = B5E1E512206201CD008F49CA;
			productRefGroup = B5E1E51C206201CD008F49CA /* Products */;
			projectDirPath = "";
			projectRoot = "";
			targets = (
				B5E1E51A206201CD008F49CA /* GameBox */,
			);
		};
/* End PBXProject section */

/* Begin PBXResourcesBuildPhase section */
		B5E1E519206201CD008F49CA /* Resources */ = {
			isa = PBXResourcesBuildPhase;
			buildActionMask = 2147483647;
			files = (
				B5D10426208F13D400CA1949 /* FFCustomizeCell.xib in Resources */,
				B58CB7B2207B10830099773D /* cityData.plist in Resources */,
				B58CB7B3207B10830099773D /* GameBoxConfig.plist in Resources */,
				B58CB7B6207B10830099773D /* LaunchScreen.storyboard in Resources */,
				B5781B0020A5903700CB1464 /* ImageAssets.xcassets in Resources */,
				B5D10439209022F800CA1949 /* FFGameGuideCell.xib in Resources */,
				B5E1E54320622E40008F49CA /* README.md in Resources */,
				B5781AE520A440C900CB1464 /* Podfile in Resources */,
				B58CB7B5207B10830099773D /* Assets.xcassets in Resources */,
				B5D10447209066FD00CA1949 /* FFClassifyTableCell.xib in Resources */,
			);
			runOnlyForDeploymentPostprocessing = 0;
		};
/* End PBXResourcesBuildPhase section */

/* Begin PBXShellScriptBuildPhase section */
		68EF3DF7D1F4BA518DF908A6 /* [CP] Check Pods Manifest.lock */ = {
			isa = PBXShellScriptBuildPhase;
			buildActionMask = 2147483647;
			files = (
			);
			inputPaths = (
				"${PODS_PODFILE_DIR_PATH}/Podfile.lock",
				"${PODS_ROOT}/Manifest.lock",
			);
			name = "[CP] Check Pods Manifest.lock";
			outputPaths = (
				"$(DERIVED_FILE_DIR)/Pods-GameBox-checkManifestLockResult.txt",
			);
			runOnlyForDeploymentPostprocessing = 0;
			shellPath = /bin/sh;
			shellScript = "diff \"${PODS_PODFILE_DIR_PATH}/Podfile.lock\" \"${PODS_ROOT}/Manifest.lock\" > /dev/null\nif [ $? != 0 ] ; then\n    # print error to STDERR\n    echo \"error: The sandbox is not in sync with the Podfile.lock. Run 'pod install' or update your CocoaPods installation.\" >&2\n    exit 1\nfi\n# This output is used by Xcode 'outputs' to avoid re-running this script phase.\necho \"SUCCESS\" > \"${SCRIPT_OUTPUT_FILE_0}\"\n";
			showEnvVarsInLog = 0;
		};
		855088BB2EB51745EF0A908B /* [CP] Copy Pods Resources */ = {
			isa = PBXShellScriptBuildPhase;
			buildActionMask = 2147483647;
			files = (
			);
			inputPaths = (
				"${SRCROOT}/Pods/Target Support Files/Pods-GameBox/Pods-GameBox-resources.sh",
				"${PODS_ROOT}/MJRefresh/MJRefresh/MJRefresh.bundle",
			);
			name = "[CP] Copy Pods Resources";
			outputPaths = (
				"${TARGET_BUILD_DIR}/${UNLOCALIZED_RESOURCES_FOLDER_PATH}/MJRefresh.bundle",
			);
			runOnlyForDeploymentPostprocessing = 0;
			shellPath = /bin/sh;
			shellScript = "\"${SRCROOT}/Pods/Target Support Files/Pods-GameBox/Pods-GameBox-resources.sh\"\n";
			showEnvVarsInLog = 0;
		};
/* End PBXShellScriptBuildPhase section */

/* Begin PBXSourcesBuildPhase section */
		B5E1E517206201CD008F49CA /* Sources */ = {
			isa = PBXSourcesBuildPhase;
			buildActionMask = 2147483647;
			files = (
				B5D505EB2089DAFE000B7B50 /* FFStatisticsModel.m in Sources */,
				B5781AE020A3F4DE00CB1464 /* FFHomeSelectView.m in Sources */,
				B5D10425208F13D400CA1949 /* FFCustomizeCell.m in Sources */,
				B5D10448209066FD00CA1949 /* FFClassifyTableCell.m in Sources */,
				B5D1042D208F162500CA1949 /* FFMapModel.m in Sources */,
				B5D10431208F3CB300CA1949 /* FFWaitingManager.m in Sources */,
				B5D104352090167D00CA1949 /* FFRankListViewController.m in Sources */,
				B58CB7B1207B10830099773D /* main.m in Sources */,
				B5D1043A209022F800CA1949 /* FFGameGuideCell.m in Sources */,
				B5781AEB20A44B5100CB1464 /* FFBTServerViewController.m in Sources */,
				B5781AFE20A57D3600CB1464 /* FFImageManager.m in Sources */,
				B5D5058B208715C0000B7B50 /* FFRecommentViewController.m in Sources */,
				B58CB7DB207B12DC0099773D /* FFCustomizeTabBar.m in Sources */,
				B5781AF720A573F200CB1464 /* FFZKServerViewController.m in Sources */,
				B58CB7AC207B10830099773D /* FFBasicModel.m in Sources */,
				B58CB7AE207B10830099773D /* FFNetWorkManager.m in Sources */,
				B5D5059E208875E8000B7B50 /* FFOSChildViewController.m in Sources */,
				B5D10421208F0DD900CA1949 /* FFBasicViewController.m in Sources */,
				B5D505872086F1D8000B7B50 /* FFHomeViewController.m in Sources */,
				B590959820A9401B009CD99A /* FFMineViewModel.m in Sources */,
				B5781AEE20A44D8D00CB1464 /* FFBTServerHeaderView.m in Sources */,
				B5D505AE20898D69000B7B50 /* FFMineViewController.m in Sources */,
				B5D1042A208F156000CA1949 /* FFGameModel.m in Sources */,
				B5781AFA20A57B1C00CB1464 /* FFBasicBannerView.m in Sources */,
				B5D505A920898D25000B7B50 /* FFDriveViewController.m in Sources */,
				B590959C20A95CA2009CD99A /* FFColorManager.m in Sources */,
				B5D1044320904E1E00CA1949 /* FFGameViewController.m in Sources */,
				B5D5059420884164000B7B50 /* FFClassifyViewController.m in Sources */,
				B58CB7D6207B12AC0099773D /* FFMainTabbarViewController.m in Sources */,
				B5D5059A20886D7D000B7B50 /* FFOpenServiceViewController.m in Sources */,
				B59D989F2084A2E20024B11D /* FFBasicTableViewController.m in Sources */,
				B58CB7AF207B10830099773D /* FFAppDelegate.m in Sources */,
				B5D1044B2090694200CA1949 /* FFWebViewController.m in Sources */,
				B5781AF220A535B900CB1464 /* FFServersModel.m in Sources */,
				B5D1043E20904DB700CA1949 /* FFClassifyDetailViewController.m in Sources */,
				B5D5059120884126000B7B50 /* FFGameGuideViewController.m in Sources */,
				B58CB7D2207B12470099773D /* FFControllerManager.m in Sources */,
				B58CB7AD207B10830099773D /* FFDeviceInfo.m in Sources */,
				B5781AE320A42CED00CB1464 /* FFUserModel.m in Sources */,
				B5D505802085CB06000B7B50 /* FFBasicSelectViewController.m in Sources */,
				B5D5058E2088406A000B7B50 /* FFNewGameViewController.m in Sources */,
				B58CB7B4207B10830099773D /* SYKeychain.m in Sources */,
				B59D98A22084A2FD0024B11D /* FFBasicSelectView.m in Sources */,
			);
			runOnlyForDeploymentPostprocessing = 0;
		};
/* End PBXSourcesBuildPhase section */

/* Begin PBXVariantGroup section */
		B58CB7AA207B10830099773D /* LaunchScreen.storyboard */ = {
			isa = PBXVariantGroup;
			children = (
				B58CB7AB207B10830099773D /* Base */,
			);
			name = LaunchScreen.storyboard;
			sourceTree = "<group>";
		};
/* End PBXVariantGroup section */

/* Begin XCBuildConfiguration section */
		B5E1E52F206201CE008F49CA /* Debug */ = {
			isa = XCBuildConfiguration;
			buildSettings = {
				ALWAYS_SEARCH_USER_PATHS = NO;
				CLANG_ANALYZER_NONNULL = YES;
				CLANG_ANALYZER_NUMBER_OBJECT_CONVERSION = YES_AGGRESSIVE;
				CLANG_CXX_LANGUAGE_STANDARD = "gnu++14";
				CLANG_CXX_LIBRARY = "libc++";
				CLANG_ENABLE_MODULES = YES;
				CLANG_ENABLE_OBJC_ARC = YES;
				CLANG_WARN_BLOCK_CAPTURE_AUTORELEASING = YES;
				CLANG_WARN_BOOL_CONVERSION = YES;
				CLANG_WARN_COMMA = YES;
				CLANG_WARN_CONSTANT_CONVERSION = YES;
				CLANG_WARN_DIRECT_OBJC_ISA_USAGE = YES_ERROR;
				CLANG_WARN_DOCUMENTATION_COMMENTS = YES;
				CLANG_WARN_EMPTY_BODY = YES;
				CLANG_WARN_ENUM_CONVERSION = YES;
				CLANG_WARN_INFINITE_RECURSION = YES;
				CLANG_WARN_INT_CONVERSION = YES;
				CLANG_WARN_NON_LITERAL_NULL_CONVERSION = YES;
				CLANG_WARN_OBJC_LITERAL_CONVERSION = YES;
				CLANG_WARN_OBJC_ROOT_CLASS = YES_ERROR;
				CLANG_WARN_RANGE_LOOP_ANALYSIS = YES;
				CLANG_WARN_STRICT_PROTOTYPES = YES;
				CLANG_WARN_SUSPICIOUS_MOVE = YES;
				CLANG_WARN_UNGUARDED_AVAILABILITY = YES_AGGRESSIVE;
				CLANG_WARN_UNREACHABLE_CODE = YES;
				CLANG_WARN__DUPLICATE_METHOD_MATCH = YES;
				CODE_SIGN_IDENTITY = "iPhone Developer";
				COPY_PHASE_STRIP = NO;
				DEBUG_INFORMATION_FORMAT = dwarf;
				ENABLE_STRICT_OBJC_MSGSEND = YES;
				ENABLE_TESTABILITY = YES;
				GCC_C_LANGUAGE_STANDARD = gnu11;
				GCC_DYNAMIC_NO_PIC = NO;
				GCC_NO_COMMON_BLOCKS = YES;
				GCC_OPTIMIZATION_LEVEL = 0;
				GCC_PREPROCESSOR_DEFINITIONS = (
					"DEBUG=1",
					"$(inherited)",
				);
				GCC_WARN_64_TO_32_BIT_CONVERSION = YES;
				GCC_WARN_ABOUT_RETURN_TYPE = YES_ERROR;
				GCC_WARN_UNDECLARED_SELECTOR = YES;
				GCC_WARN_UNINITIALIZED_AUTOS = YES_AGGRESSIVE;
				GCC_WARN_UNUSED_FUNCTION = YES;
				GCC_WARN_UNUSED_VARIABLE = YES;
				IPHONEOS_DEPLOYMENT_TARGET = 11.1;
				MTL_ENABLE_DEBUG_INFO = YES;
				ONLY_ACTIVE_ARCH = YES;
				SDKROOT = iphoneos;
			};
			name = Debug;
		};
		B5E1E530206201CE008F49CA /* Release */ = {
			isa = XCBuildConfiguration;
			buildSettings = {
				ALWAYS_SEARCH_USER_PATHS = NO;
				CLANG_ANALYZER_NONNULL = YES;
				CLANG_ANALYZER_NUMBER_OBJECT_CONVERSION = YES_AGGRESSIVE;
				CLANG_CXX_LANGUAGE_STANDARD = "gnu++14";
				CLANG_CXX_LIBRARY = "libc++";
				CLANG_ENABLE_MODULES = YES;
				CLANG_ENABLE_OBJC_ARC = YES;
				CLANG_WARN_BLOCK_CAPTURE_AUTORELEASING = YES;
				CLANG_WARN_BOOL_CONVERSION = YES;
				CLANG_WARN_COMMA = YES;
				CLANG_WARN_CONSTANT_CONVERSION = YES;
				CLANG_WARN_DIRECT_OBJC_ISA_USAGE = YES_ERROR;
				CLANG_WARN_DOCUMENTATION_COMMENTS = YES;
				CLANG_WARN_EMPTY_BODY = YES;
				CLANG_WARN_ENUM_CONVERSION = YES;
				CLANG_WARN_INFINITE_RECURSION = YES;
				CLANG_WARN_INT_CONVERSION = YES;
				CLANG_WARN_NON_LITERAL_NULL_CONVERSION = YES;
				CLANG_WARN_OBJC_LITERAL_CONVERSION = YES;
				CLANG_WARN_OBJC_ROOT_CLASS = YES_ERROR;
				CLANG_WARN_RANGE_LOOP_ANALYSIS = YES;
				CLANG_WARN_STRICT_PROTOTYPES = YES;
				CLANG_WARN_SUSPICIOUS_MOVE = YES;
				CLANG_WARN_UNGUARDED_AVAILABILITY = YES_AGGRESSIVE;
				CLANG_WARN_UNREACHABLE_CODE = YES;
				CLANG_WARN__DUPLICATE_METHOD_MATCH = YES;
				CODE_SIGN_IDENTITY = "iPhone Developer";
				COPY_PHASE_STRIP = NO;
				DEBUG_INFORMATION_FORMAT = "dwarf-with-dsym";
				ENABLE_NS_ASSERTIONS = NO;
				ENABLE_STRICT_OBJC_MSGSEND = YES;
				GCC_C_LANGUAGE_STANDARD = gnu11;
				GCC_NO_COMMON_BLOCKS = YES;
				GCC_WARN_64_TO_32_BIT_CONVERSION = YES;
				GCC_WARN_ABOUT_RETURN_TYPE = YES_ERROR;
				GCC_WARN_UNDECLARED_SELECTOR = YES;
				GCC_WARN_UNINITIALIZED_AUTOS = YES_AGGRESSIVE;
				GCC_WARN_UNUSED_FUNCTION = YES;
				GCC_WARN_UNUSED_VARIABLE = YES;
				IPHONEOS_DEPLOYMENT_TARGET = 11.1;
				MTL_ENABLE_DEBUG_INFO = NO;
				SDKROOT = iphoneos;
				VALIDATE_PRODUCT = YES;
			};
			name = Release;
		};
		B5E1E532206201CE008F49CA /* Debug */ = {
			isa = XCBuildConfiguration;
			baseConfigurationReference = EE677440EC57745993D7D0F0 /* Pods-GameBox.debug.xcconfig */;
			buildSettings = {
				ASSETCATALOG_COMPILER_APPICON_NAME = AppIcon;
				CODE_SIGN_STYLE = Automatic;
				DEVELOPMENT_TEAM = JR27SLBFXN;
				ENABLE_BITCODE = YES;
				ENABLE_ONLY_ACTIVE_RESOURCES = YES;
				FRAMEWORK_SEARCH_PATHS = (
					"$(inherited)",
					"$(PROJECT_DIR)/GameBox",
				);
				GCC_PREFIX_HEADER = "$(SRCROOT)/GameBox/Others/FFPerFixHeader.pch";
				INFOPLIST_FILE = "$(SRCROOT)/GameBox/MainEntry/Info.plist";
				IPHONEOS_DEPLOYMENT_TARGET = 9.0;
				LD_RUNPATH_SEARCH_PATHS = "$(inherited) @executable_path/Frameworks";
				PRODUCT_BUNDLE_IDENTIFIER = com.sy185Box.TWKJ.test;
				PRODUCT_NAME = "$(TARGET_NAME)";
				TARGETED_DEVICE_FAMILY = 1;
			};
			name = Debug;
		};
		B5E1E533206201CE008F49CA /* Release */ = {
			isa = XCBuildConfiguration;
			baseConfigurationReference = C9E7C73404CBBD7F21F68365 /* Pods-GameBox.release.xcconfig */;
			buildSettings = {
				ASSETCATALOG_COMPILER_APPICON_NAME = AppIcon;
				CODE_SIGN_STYLE = Automatic;
				DEVELOPMENT_TEAM = JR27SLBFXN;
				ENABLE_BITCODE = YES;
				ENABLE_ONLY_ACTIVE_RESOURCES = YES;
				FRAMEWORK_SEARCH_PATHS = (
					"$(inherited)",
					"$(PROJECT_DIR)/GameBox",
				);
				GCC_PREFIX_HEADER = "$(SRCROOT)/GameBox/Others/FFPerFixHeader.pch";
				INFOPLIST_FILE = "$(SRCROOT)/GameBox/MainEntry/Info.plist";
				IPHONEOS_DEPLOYMENT_TARGET = 9.0;
				LD_RUNPATH_SEARCH_PATHS = "$(inherited) @executable_path/Frameworks";
				PRODUCT_BUNDLE_IDENTIFIER = com.sy185Box.TWKJ.test;
				PRODUCT_NAME = "$(TARGET_NAME)";
				TARGETED_DEVICE_FAMILY = 1;
			};
			name = Release;
		};
/* End XCBuildConfiguration section */

/* Begin XCConfigurationList section */
		B5E1E516206201CD008F49CA /* Build configuration list for PBXProject "GameBox" */ = {
			isa = XCConfigurationList;
			buildConfigurations = (
				B5E1E52F206201CE008F49CA /* Debug */,
				B5E1E530206201CE008F49CA /* Release */,
			);
			defaultConfigurationIsVisible = 0;
			defaultConfigurationName = Release;
		};
		B5E1E531206201CE008F49CA /* Build configuration list for PBXNativeTarget "GameBox" */ = {
			isa = XCConfigurationList;
			buildConfigurations = (
				B5E1E532206201CE008F49CA /* Debug */,
				B5E1E533206201CE008F49CA /* Release */,
			);
			defaultConfigurationIsVisible = 0;
			defaultConfigurationName = Release;
		};
/* End XCConfigurationList section */
	};
	rootObject = B5E1E513206201CD008F49CA /* Project object */;
}
